
Microsoft Visual Studio Solution File, Format Version 12.00
# Visual Studio 2012
Project("{FAE04EC0-301F-11D3-BF4B-00C04F79EFBC}") = "Xamarin.OneSignal.Android.Binding", "Xamarin.OneSignal.Android.Binding\Xamarin.OneSignal.Android.Binding.csproj", "{6526B348-A38C-4B9E-A312-976188A981ED}"
EndProject
Project("{FAE04EC0-301F-11D3-BF4B-00C04F79EFBC}") = "Xamarin.Vitamio", "..\Xamarin.Vitamio\Xamarin.Vitamio\Xamarin.Vitamio.csproj", "{1E988293-95EE-4E85-ABD9-EE58160628B6}"
EndProject
Global
	GlobalSection(SolutionConfigurationPlatforms) = preSolution
		Debug|Any CPU = Debug|Any CPU
		Release|Any CPU = Release|Any CPU
	EndGlobalSection
	GlobalSection(ProjectConfigurationPlatforms) = postSolution
		{1E988293-95EE-4E85-ABD9-EE58160628B6}.Debug|Any CPU.ActiveCfg = Debug|Any CPU
		{1E988293-95EE-4E85-ABD9-EE58160628B6}.Debug|Any CPU.Build.0 = Debug|Any CPU
		{1E988293-95EE-4E85-ABD9-EE58160628B6}.Release|Any CPU.ActiveCfg = Release|Any CPU
		{1E988293-95EE-4E85-ABD9-EE58160628B6}.Release|Any CPU.Build.0 = Release|Any CPU
		{6526B348-A38C-4B9E-A312-976188A981ED}.Debug|Any CPU.ActiveCfg = Debug|Any CPU
		{6526B348-A38C-4B9E-A312-976188A981ED}.Debug|Any CPU.Build.0 = Debug|Any CPU
		{6526B348-A38C-4B9E-A312-976188A981ED}.Release|Any CPU.ActiveCfg = Release|Any CPU
		{6526B348-A38C-4B9E-A312-976188A981ED}.Release|Any CPU.Build.0 = Release|Any CPU
	EndGlobalSection
EndGlobal
